{
  "name": "@astronautlabs/mpegts",
  "version": "0.0.1",
  "lockfileVersion": 3,
  "requires": true,
  "packages": {
    "": {
      "name": "@astronautlabs/mpegts",
      "version": "0.0.1",
      "license": "MIT",
      "dependencies": {
        "@astronautlabs/bitstream": "^4.2.1"
      },
      "devDependencies": {
        "@types/node": "^20.11.5"
      }
    },
    "node_modules/@astronautlabs/bitstream": {
      "version": "4.2.1",
      "resolved": "https://registry.npmjs.org/@astronautlabs/bitstream/-/bitstream-4.2.1.tgz",
      "integrity": "sha512-y4QLO/OfvVZypZpdcDj4/r0ywxKbodDHhbBVUq61O22OWzAVUjMlXfXPdEapH7ApV8gHv9OPeTCqZym3JsaUYg==",
      "peerDependencies": {
        "reflect-metadata": "^0.1.13"
      }
    },
    "node_modules/@types/node": {
      "version": "20.11.5",
      "resolved": "https://registry.npmjs.org/@types/node/-/node-20.11.5.tgz",
      "integrity": "sha512-g557vgQjUUfN76MZAN/dt1z3dzcUsimuysco0KeluHgrPdJXkP/XdAURgyO2W9fZWHRtRBiVKzKn8vyOAwlG+w==",
      "dev": true,
      "dependencies": {
        "undici-types": "~5.26.4"
      }
    },
    "node_modules/reflect-metadata": {
      "version": "0.1.14",
      "resolved": "https://registry.npmjs.org/reflect-metadata/-/reflect-metadata-0.1.14.tgz",
      "integrity": "sha512-ZhYeb6nRaXCfhnndflDK8qI6ZQ/YcWZCISRAWICW9XYqMUwjZM9Z0DveWX/ABN01oxSHwVxKQmxeYZSsm0jh5A==",
      "peer": true
    },
    "node_modules/undici-types": {
      "version": "5.26.5",
      "resolved": "https://registry.npmjs.org/undici-types/-/undici-types-5.26.5.tgz",
      "integrity": "sha512-JlCMO+ehdEIKqlFxk6IfVoAUVmgz7cU7zD/h9XZ0qzeosSHmUJVOzSQvvYSYWXkFXC+IfLKSIffhv0sVZup6pA==",
      "dev": true
    }
  }
}
